
Microsoft Visual Studio Solution File, Format Version 12.00
# Visual Studio Version 16
VisualStudioVersion = 16.0.810.9
MinimumVisualStudioVersion = 10.0.40219.1
Project("{FAE04EC0-301F-11D3-BF4B-00C04F79EFBC}") = "server-test", "server-test\server-test.csproj", "{B8A2D950-CFAE-43A3-9EC6-22CC3C1F2200}"
EndProject
Global
	GlobalSection(SolutionConfigurationPlatforms) = preSolution
		Debug|anycpu = Debug|anycpu
		Release|anycpu = Release|anycpu
	EndGlobalSection
	GlobalSection(ProjectConfigurationPlatforms) = postSolution
		{B8A2D950-CFAE-43A3-9EC6-22CC3C1F2200}.Debug|anycpu.ActiveCfg = Debug|anycpu
		{B8A2D950-CFAE-43A3-9EC6-22CC3C1F2200}.Debug|anycpu.Build.0 = Debug|anycpu
		{B8A2D950-CFAE-43A3-9EC6-22CC3C1F2200}.Release|anycpu.ActiveCfg = Release|anycpu
		{B8A2D950-CFAE-43A3-9EC6-22CC3C1F2200}.Release|anycpu.Build.0 = Release|anycpu
	EndGlobalSection
	GlobalSection(SolutionProperties) = preSolution
		HideSolutionNode = FALSE
	EndGlobalSection
	GlobalSection(ExtensibilityGlobals) = postSolution
		SolutionGuid = {CAF1FBAA-E322-4A2F-A4F9-4BEBC1C56FF5}
	EndGlobalSection
EndGlobal
